<?xml version="1.0" encoding="utf-8"?>
<Project ToolsVersion="4.0" xmlns="http://schemas.microsoft.com/developer/msbuild/2003">
  <ItemGroup>
    <Filter Include="ソース ファイル">
      <UniqueIdentifier>{4FC737F1-C7A5-4376-A066-2A32D752A2FF}</UniqueIdentifier>
      <Extensions>cpp;c;cc;cxx;def;odl;idl;hpj;bat;asm;asmx</Extensions>
    </Filter>
    <Filter Include="ヘッダー ファイル">
      <UniqueIdentifier>{93995380-89BD-4b04-88EB-625FBE52EBFB}</UniqueIdentifier>
      <Extensions>h;hh;hpp;hxx;hm;inl;inc;xsd</Extensions>
    </Filter>
    <Filter Include="リソース ファイル">
      <UniqueIdentifier>{67DA6AB6-F800-4c08-8B7A-83BB121AAD01}</UniqueIdentifier>
      <Extensions>rc;ico;cur;bmp;dlg;rc2;rct;bin;rgs;gif;jpg;jpeg;jpe;resx;tiff;tif;png;wav;mfcribbon-ms</Extensions>
    </Filter>
    <Filter Include="ソース ファイル\MAIN">
      <UniqueIdentifier>{835e9209-b258-429d-83df-c3a6856cde5c}</UniqueIdentifier>
    </Filter>
    <Filter Include="ソース ファイル\Management">
      <UniqueIdentifier>{1ec18512-2f0e-437d-a9e7-59f5452c83cc}</UniqueIdentifier>
    </Filter>
    <Filter Include="ソース ファイル\Object">
      <UniqueIdentifier>{8a9b2977-3cd7-4b8d-a49a-5130d46ce2bd}</UniqueIdentifier>
    </Filter>
    <Filter Include="ヘッダー ファイル\MAIN">
      <UniqueIdentifier>{da9f67c7-819f-460f-96df-de1c50677898}</UniqueIdentifier>
    </Filter>
    <Filter Include="ヘッダー ファイル\Management">
      <UniqueIdentifier>{75df0d99-7b52-4af1-b9fd-47b1ec9243ab}</UniqueIdentifier>
    </Filter>
    <Filter Include="ヘッダー ファイル\Object">
      <UniqueIdentifier>{d5cfb05c-55e9-4980-b530-bbdcc06e2673}</UniqueIdentifier>
    </Filter>
  </ItemGroup>
  <ItemGroup>
    <ClCompile Include="source\main.cpp">
      <Filter>ソース ファイル\MAIN</Filter>
    </ClCompile>
    <ClCompile Include="source\manager.cpp">
      <Filter>ソース ファイル\Management</Filter>
    </ClCompile>
    <ClCompile Include="source\camera.cpp">
      <Filter>ソース ファイル\Management</Filter>
    </ClCompile>
    <ClCompile Include="source\fade.cpp">
      <Filter>ソース ファイル\Management</Filter>
    </ClCompile>
    <ClCompile Include="source\game.cpp">
      <Filter>ソース ファイル\Management</Filter>
    </ClCompile>
    <ClCompile Include="source\input.cpp">
      <Filter>ソース ファイル\Management</Filter>
    </ClCompile>
    <ClCompile Include="source\renderer.cpp">
      <Filter>ソース ファイル\Management</Filter>
    </ClCompile>
    <ClCompile Include="source\sound.cpp">
      <Filter>ソース ファイル\Management</Filter>
    </ClCompile>
    <ClCompile Include="source\scene.cpp">
      <Filter>ソース ファイル\Management</Filter>
    </ClCompile>
    <ClCompile Include="source\result.cpp">
      <Filter>ソース ファイル\Management</Filter>
    </ClCompile>
    <ClCompile Include="source\score.cpp">
      <Filter>ソース ファイル\Object</Filter>
    </ClCompile>
    <ClCompile Include="source\scene2D.cpp">
      <Filter>ソース ファイル\Object</Filter>
    </ClCompile>
    <ClCompile Include="source\player.cpp">
      <Filter>ソース ファイル\Object</Filter>
    </ClCompile>
    <ClCompile Include="source\number.cpp">
      <Filter>ソース ファイル\Object</Filter>
    </ClCompile>
    <ClCompile Include="source\life.cpp">
      <Filter>ソース ファイル\Object</Filter>
    </ClCompile>
    <ClCompile Include="source\enemy.cpp">
      <Filter>ソース ファイル\Object</Filter>
    </ClCompile>
    <ClCompile Include="source\bullet.cpp">
      <Filter>ソース ファイル\Object</Filter>
    </ClCompile>
    <ClCompile Include="source\bg.cpp">
      <Filter>ソース ファイル\Object</Filter>
    </ClCompile>
    <ClCompile Include="source\title.cpp">
      <Filter>ソース ファイル\Management</Filter>
    </ClCompile>
    <ClCompile Include="source\enemy_charger.cpp">
      <Filter>ソース ファイル\Object</Filter>
    </ClCompile>
    <ClCompile Include="source\enemy_gunner.cpp">
      <Filter>ソース ファイル\Object</Filter>
    </ClCompile>
    <ClCompile Include="source\spritesheet.cpp">
      <Filter>ソース ファイル\Object</Filter>
    </ClCompile>
    <ClCompile Include="source\effect.cpp">
      <Filter>ソース ファイル\Object</Filter>
    </ClCompile>
    <ClCompile Include="source\crosshair.cpp">
      <Filter>ソース ファイル\Object</Filter>
    </ClCompile>
    <ClCompile Include="source\textureloader.cpp">
      <Filter>ソース ファイル\Management</Filter>
    </ClCompile>
    <ClCompile Include="source\debugger.cpp">
      <Filter>ソース ファイル\Management</Filter>
    </ClCompile>
    <ClCompile Include="source\wave.cpp">
      <Filter>ソース ファイル\Object</Filter>
    </ClCompile>
    <ClCompile Include="source\help.cpp">
      <Filter>ソース ファイル\Object</Filter>
    </ClCompile>
    <ClCompile Include="source\minimap.cpp">
      <Filter>ソース ファイル\Object</Filter>
    </ClCompile>
    <ClCompile Include="source\particle.cpp">
      <Filter>ソース ファイル\Object</Filter>
    </ClCompile>
    <ClCompile Include="source\pause.cpp">
      <Filter>ソース ファイル\Management</Filter>
    </ClCompile>
    <ClCompile Include="source\energy.cpp">
      <Filter>ソース ファイル\Object</Filter>
    </ClCompile>
    <ClCompile Include="source\orb.cpp">
      <Filter>ソース ファイル\Object</Filter>
    </ClCompile>
    <ClCompile Include="source\boss_turret.cpp">
      <Filter>ソース ファイル\Object</Filter>
    </ClCompile>
    <ClCompile Include="source\boss_core.cpp">
      <Filter>ソース ファイル\Object</Filter>
    </ClCompile>
    <ClCompile Include="source\boss_manager.cpp">
      <Filter>ソース ファイル\Object</Filter>
    </ClCompile>
    <ClCompile Include="source\collision.cpp">
      <Filter>ソース ファイル\Management</Filter>
    </ClCompile>
    <ClCompile Include="source\beam.cpp">
      <Filter>ソース ファイル\Object</Filter>
    </ClCompile>
    <ClCompile Include="source\debris.cpp">
      <Filter>ソース ファイル\Object</Filter>
    </ClCompile>
    <ClCompile Include="source\light.cpp">
      <Filter>ソース ファイル\Management</Filter>
    </ClCompile>
    <ClCompile Include="source\camera3d.cpp">
      <Filter>ソース ファイル\Management</Filter>
    </ClCompile>
    <ClCompile Include="source\bg3d.cpp">
      <Filter>ソース ファイル\Object</Filter>
    </ClCompile>
  </ItemGroup>
  <ItemGroup>
    <ClInclude Include="source\main.h">
      <Filter>ヘッダー ファイル\MAIN</Filter>
    </ClInclude>
    <ClInclude Include="source\bg.h">
      <Filter>ヘッダー ファイル\Object</Filter>
    </ClInclude>
    <ClInclude Include="source\bullet.h">
      <Filter>ヘッダー ファイル\Object</Filter>
    </ClInclude>
    <ClInclude Include="source\camera.h">
      <Filter>ヘッダー ファイル\Management</Filter>
    </ClInclude>
    <ClInclude Include="source\enemy.h">
      <Filter>ヘッダー ファイル\Object</Filter>
    </ClInclude>
    <ClInclude Include="source\fade.h">
      <Filter>ヘッダー ファイル\Management</Filter>
    </ClInclude>
    <ClInclude Include="source\game.h">
      <Filter>ヘッダー ファイル\Management</Filter>
    </ClInclude>
    <ClInclude Include="source\input.h">
      <Filter>ヘッダー ファイル\Management</Filter>
    </ClInclude>
    <ClInclude Include="source\life.h">
      <Filter>ヘッダー ファイル\Object</Filter>
    </ClInclude>
    <ClInclude Include="source\manager.h">
      <Filter>ヘッダー ファイル\Management</Filter>
    </ClInclude>
    <ClInclude Include="source\number.h">
      <Filter>ヘッダー ファイル\Object</Filter>
    </ClInclude>
    <ClInclude Include="source\player.h">
      <Filter>ヘッダー ファイル\Object</Filter>
    </ClInclude>
    <ClInclude Include="source\renderer.h">
      <Filter>ヘッダー ファイル\Management</Filter>
    </ClInclude>
    <ClInclude Include="source\result.h">
      <Filter>ヘッダー ファイル\Management</Filter>
    </ClInclude>
    <ClInclude Include="source\scene.h">
      <Filter>ヘッダー ファイル\Management</Filter>
    </ClInclude>
    <ClInclude Include="source\scene2D.h">
      <Filter>ヘッダー ファイル\Object</Filter>
    </ClInclude>
    <ClInclude Include="source\score.h">
      <Filter>ヘッダー ファイル\Object</Filter>
    </ClInclude>
    <ClInclude Include="source\sound.h">
      <Filter>ヘッダー ファイル\Management</Filter>
    </ClInclude>
    <ClInclude Include="source\title.h">
      <Filter>ヘッダー ファイル\Management</Filter>
    </ClInclude>
    <ClInclude Include="source\enemy_charger.h">
      <Filter>ヘッダー ファイル\Object</Filter>
    </ClInclude>
    <ClInclude Include="source\enemy_gunner.h">
      <Filter>ヘッダー ファイル\Object</Filter>
    </ClInclude>
    <ClInclude Include="source\spritesheet.h">
      <Filter>ヘッダー ファイル\Object</Filter>
    </ClInclude>
    <ClInclude Include="source\effect.h">
      <Filter>ヘッダー ファイル\Object</Filter>
    </ClInclude>
    <ClInclude Include="source\crosshair.h">
      <Filter>ヘッダー ファイル\Object</Filter>
    </ClInclude>
    <ClInclude Include="source\textureloader.h">
      <Filter>ヘッダー ファイル\Management</Filter>
    </ClInclude>
    <ClInclude Include="source\debugger.h">
      <Filter>ヘッダー ファイル\Management</Filter>
    </ClInclude>
    <ClInclude Include="source\wave.h">
      <Filter>ヘッダー ファイル\Object</Filter>
    </ClInclude>
    <ClInclude Include="source\help.h">
      <Filter>ヘッダー ファイル\Object</Filter>
    </ClInclude>
    <ClInclude Include="source\minimap.h">
      <Filter>ヘッダー ファイル\Object</Filter>
    </ClInclude>
    <ClInclude Include="source\particle.h">
      <Filter>ヘッダー ファイル\Object</Filter>
    </ClInclude>
    <ClInclude Include="source\pause.h">
      <Filter>ヘッダー ファイル\Management</Filter>
    </ClInclude>
    <ClInclude Include="source\energy.h">
      <Filter>ヘッダー ファイル\Object</Filter>
    </ClInclude>
    <ClInclude Include="source\orb.h">
      <Filter>ヘッダー ファイル\Object</Filter>
    </ClInclude>
    <ClInclude Include="source\boss_turret.h">
      <Filter>ヘッダー ファイル\Object</Filter>
    </ClInclude>
    <ClInclude Include="source\boss_core.h">
      <Filter>ヘッダー ファイル\Object</Filter>
    </ClInclude>
    <ClInclude Include="source\boss_manager.h">
      <Filter>ヘッダー ファイル\Object</Filter>
    </ClInclude>
    <ClInclude Include="source\collision.h">
      <Filter>ヘッダー ファイル\Management</Filter>
    </ClInclude>
    <ClInclude Include="source\beam.h">
      <Filter>ヘッダー ファイル\Object</Filter>
    </ClInclude>
    <ClInclude Include="source\debris.h">
      <Filter>ヘッダー ファイル\Object</Filter>
    </ClInclude>
    <ClInclude Include="source\light.h">
      <Filter>ヘッダー ファイル\Management</Filter>
    </ClInclude>
    <ClInclude Include="source\camera3d.h">
      <Filter>ヘッダー ファイル\Management</Filter>
    </ClInclude>
    <ClInclude Include="source\bg3d.h">
      <Filter>ヘッダー ファイル\Object</Filter>
    </ClInclude>
  </ItemGroup>
</Project>